// !$*UTF8*$!
{
	archiveVersion = 1;
	classes = {
	};
	objectVersion = 50;
	objects = {

/* Begin PBXBuildFile section */
		9C7368D92221A59700CBEAF4 /* AppDelegate.swift in Sources */ = {isa = PBXBuildFile; fileRef = 9C7368D82221A59700CBEAF4 /* AppDelegate.swift */; };
		9C7368DB2221A59700CBEAF4 /* ViewController.swift in Sources */ = {isa = PBXBuildFile; fileRef = 9C7368DA2221A59700CBEAF4 /* ViewController.swift */; };
		9C7368E02221A59800CBEAF4 /* Assets.xcassets in Resources */ = {isa = PBXBuildFile; fileRef = 9C7368DF2221A59800CBEAF4 /* Assets.xcassets */; };
		9C7368E32221A59800CBEAF4 /* LaunchScreen.storyboard in Resources */ = {isa = PBXBuildFile; fileRef = 9C7368E12221A59800CBEAF4 /* LaunchScreen.storyboard */; };
		9C7368EE2221A5AA00CBEAF4 /* DCTViewController.swift in Sources */ = {isa = PBXBuildFile; fileRef = 9C7368EB2221A5AA00CBEAF4 /* DCTViewController.swift */; };
		9C7368EF2221A5AA00CBEAF4 /* DCFViewController.swift in Sources */ = {isa = PBXBuildFile; fileRef = 9C7368EC2221A5AA00CBEAF4 /* DCFViewController.swift */; };
		9C7368F02221A5AA00CBEAF4 /* DCSViewController.swift in Sources */ = {isa = PBXBuildFile; fileRef = 9C7368ED2221A5AA00CBEAF4 /* DCSViewController.swift */; };
		9C7368F32221A5C300CBEAF4 /* DCSlideTabBarController.swift in Sources */ = {isa = PBXBuildFile; fileRef = 9C7368F12221A5C300CBEAF4 /* DCSlideTabBarController.swift */; };
		9C7368F42221A5C300CBEAF4 /* DCSlideBarAnimation.swift in Sources */ = {isa = PBXBuildFile; fileRef = 9C7368F22221A5C300CBEAF4 /* DCSlideBarAnimation.swift */; };
/* End PBXBuildFile section */

/* Begin PBXFileReference section */
		9C7368D52221A59700CBEAF4 /* CDDSlideTabBarDemo.app */ = {isa = PBXFileReference; explicitFileType = wrapper.application; includeInIndex = 0; path = CDDSlideTabBarDemo.app; sourceTree = BUILT_PRODUCTS_DIR; };
		9C7368D82221A59700CBEAF4 /* AppDelegate.swift */ = {isa = PBXFileReference; lastKnownFileType = sourcecode.swift; path = AppDelegate.swift; sourceTree = "<group>"; };
		9C7368DA2221A59700CBEAF4 /* ViewController.swift */ = {isa = PBXFileReference; lastKnownFileType = sourcecode.swift; path = ViewController.swift; sourceTree = "<group>"; };
		9C7368DF2221A59800CBEAF4 /* Assets.xcassets */ = {isa = PBXFileReference; lastKnownFileType = folder.assetcatalog; path = Assets.xcassets; sourceTree = "<group>"; };
		9C7368E22221A59800CBEAF4 /* Base */ = {isa = PBXFileReference; lastKnownFileType = file.storyboard; name = Base; path = Base.lproj/LaunchScreen.storyboard; sourceTree = "<group>"; };
		9C7368E42221A59800CBEAF4 /* Info.plist */ = {isa = PBXFileReference; lastKnownFileType = text.plist.xml; path = Info.plist; sourceTree = "<group>"; };
		9C7368EB2221A5AA00CBEAF4 /* DCTViewController.swift */ = {isa = PBXFileReference; fileEncoding = 4; lastKnownFileType = sourcecode.swift; path = DCTViewController.swift; sourceTree = "<group>"; };
		9C7368EC2221A5AA00CBEAF4 /* DCFViewController.swift */ = {isa = PBXFileReference; fileEncoding = 4; lastKnownFileType = sourcecode.swift; path = DCFViewController.swift; sourceTree = "<group>"; };
		9C7368ED2221A5AA00CBEAF4 /* DCSViewController.swift */ = {isa = PBXFileReference; fileEncoding = 4; lastKnownFileType = sourcecode.swift; path = DCSViewController.swift; sourceTree = "<group>"; };
		9C7368F12221A5C300CBEAF4 /* DCSlideTabBarController.swift */ = {isa = PBXFileReference; fileEncoding = 4; lastKnownFileType = sourcecode.swift; path = DCSlideTabBarController.swift; sourceTree = "<group>"; };
		9C7368F22221A5C300CBEAF4 /* DCSlideBarAnimation.swift */ = {isa = PBXFileReference; fileEncoding = 4; lastKnownFileType = sourcecode.swift; path = DCSlideBarAnimation.swift; sourceTree = "<group>"; };
/* End PBXFileReference section */

/* Begin PBXFrameworksBuildPhase section */
		9C7368D22221A59700CBEAF4 /* Frameworks */ = {
			isa = PBXFrameworksBuildPhase;
			buildActionMask = 2147483647;
			files = (
			);
			runOnlyForDeploymentPostprocessing = 0;
		};
/* End PBXFrameworksBuildPhase section */

/* Begin PBXGroup section */
		9C7368CC2221A59700CBEAF4 = {
			isa = PBXGroup;
			children = (
				9C7368D72221A59700CBEAF4 /* CDDSlideTabBarDemo */,
				9C7368D62221A59700CBEAF4 /* Products */,
			);
			sourceTree = "<group>";
		};
		9C7368D62221A59700CBEAF4 /* Products */ = {
			isa = PBXGroup;
			children = (
				9C7368D52221A59700CBEAF4 /* CDDSlideTabBarDemo.app */,
			);
			name = Products;
			sourceTree = "<group>";
		};
		9C7368D72221A59700CBEAF4 /* CDDSlideTabBarDemo */ = {
			isa = PBXGroup;
			children = (
				9C7368D82221A59700CBEAF4 /* AppDelegate.swift */,
				9C7368DA2221A59700CBEAF4 /* ViewController.swift */,
				9C7368F22221A5C300CBEAF4 /* DCSlideBarAnimation.swift */,
				9C7368F12221A5C300CBEAF4 /* DCSlideTabBarController.swift */,
				9C7368EA2221A5AA00CBEAF4 /* Controller */,
				9C7368DF2221A59800CBEAF4 /* Assets.xcassets */,
				9C7368E12221A59800CBEAF4 /* LaunchScreen.storyboard */,
				9C7368E42221A59800CBEAF4 /* Info.plist */,
			);
			path = CDDSlideTabBarDemo;
			sourceTree = "<group>";
		};
		9C7368EA2221A5AA00CBEAF4 /* Controller */ = {
			isa = PBXGroup;
			children = (
				9C7368EC2221A5AA00CBEAF4 /* DCFViewController.swift */,
				9C7368ED2221A5AA00CBEAF4 /* DCSViewController.swift */,
				9C7368EB2221A5AA00CBEAF4 /* DCTViewController.swift */,
			);
			path = Controller;
			sourceTree = "<group>";
		};
/* End PBXGroup section */

/* Begin PBXNativeTarget section */
		9C7368D42221A59700CBEAF4 /* CDDSlideTabBarDemo */ = {
			isa = PBXNativeTarget;
			buildConfigurationList = 9C7368E72221A59800CBEAF4 /* Build configuration list for PBXNativeTarget "CDDSlideTabBarDemo" */;
			buildPhases = (
				9C7368D12221A59700CBEAF4 /* Sources */,
				9C7368D22221A59700CBEAF4 /* Frameworks */,
				9C7368D32221A59700CBEAF4 /* Resources */,
			);
			buildRules = (
			);
			dependencies = (
			);
			name = CDDSlideTabBarDemo;
			productName = CDDSlideTabBarDemo;
			productReference = 9C7368D52221A59700CBEAF4 /* CDDSlideTabBarDemo.app */;
			productType = "com.apple.product-type.application";
		};
/* End PBXNativeTarget section */

/* Begin PBXProject section */
		9C7368CD2221A59700CBEAF4 /* Project object */ = {
			isa = PBXProject;
			attributes = {
				LastSwiftUpdateCheck = 1010;
				LastUpgradeCheck = 1010;
				ORGANIZATIONNAME = "陈甸甸";
				TargetAttributes = {
					9C7368D42221A59700CBEAF4 = {
						CreatedOnToolsVersion = 10.1;
					};
				};
			};
			buildConfigurationList = 9C7368D02221A59700CBEAF4 /* Build configuration list for PBXProject "CDDSlideTabBarDemo" */;
			compatibilityVersion = "Xcode 9.3";
			developmentRegion = en;
			hasScannedForEncodings = 0;
			knownRegions = (
				en,
				Base,
			);
			mainGroup = 9C7368CC2221A59700CBEAF4;
			productRefGroup = 9C7368D62221A59700CBEAF4 /* Products */;
			projectDirPath = "";
			projectRoot = "";
			targets = (
				9C7368D42221A59700CBEAF4 /* CDDSlideTabBarDemo */,
			);
		};
/* End PBXProject section */

/* Begin PBXResourcesBuildPhase section */
		9C7368D32221A59700CBEAF4 /* Resources */ = {
			isa = PBXResourcesBuildPhase;
			buildActionMask = 2147483647;
			files = (
				9C7368E32221A59800CBEAF4 /* LaunchScreen.storyboard in Resources */,
				9C7368E02221A59800CBEAF4 /* Assets.xcassets in Resources */,
			);
			runOnlyForDeploymentPostprocessing = 0;
		};
/* End PBXResourcesBuildPhase section */

/* Begin PBXSourcesBuildPhase section */
		9C7368D12221A59700CBEAF4 /* Sources */ = {
			isa = PBXSourcesBuildPhase;
			buildActionMask = 2147483647;
			files = (
				9C7368DB2221A59700CBEAF4 /* ViewController.swift in Sources */,
				9C7368EE2221A5AA00CBEAF4 /* DCTViewController.swift in Sources */,
				9C7368F02221A5AA00CBEAF4 /* DCSViewController.swift in Sources */,
				9C7368F42221A5C300CBEAF4 /* DCSlideBarAnimation.swift in Sources */,
				9C7368EF2221A5AA00CBEAF4 /* DCFViewController.swift in Sources */,
				9C7368F32221A5C300CBEAF4 /* DCSlideTabBarController.swift in Sources */,
				9C7368D92221A59700CBEAF4 /* AppDelegate.swift in Sources */,
			);
			runOnlyForDeploymentPostprocessing = 0;
		};
/* End PBXSourcesBuildPhase section */

/* Begin PBXVariantGroup section */
		9C7368E12221A59800CBEAF4 /* LaunchScreen.storyboard */ = {
			isa = PBXVariantGroup;
			children = (
				9C7368E22221A59800CBEAF4 /* Base */,
			);
			name = LaunchScreen.storyboard;
			sourceTree = "<group>";
		};
/* End PBXVariantGroup section */

/* Begin XCBuildConfiguration section */
		9C7368E52221A59800CBEAF4 /* Debug */ = {
			isa = XCBuildConfiguration;
			buildSettings = {
				ALWAYS_SEARCH_USER_PATHS = NO;
				CLANG_ANALYZER_NONNULL = YES;
				CLANG_ANALYZER_NUMBER_OBJECT_CONVERSION = YES_AGGRESSIVE;
				CLANG_CXX_LANGUAGE_STANDARD = "gnu++14";
				CLANG_CXX_LIBRARY = "libc++";
				CLANG_ENABLE_MODULES = YES;
				CLANG_ENABLE_OBJC_ARC = YES;
				CLANG_ENABLE_OBJC_WEAK = YES;
				CLANG_WARN_BLOCK_CAPTURE_AUTORELEASING = YES;
				CLANG_WARN_BOOL_CONVERSION = YES;
				CLANG_WARN_COMMA = YES;
				CLANG_WARN_CONSTANT_CONVERSION = YES;
				CLANG_WARN_DEPRECATED_OBJC_IMPLEMENTATIONS = YES;
				CLANG_WARN_DIRECT_OBJC_ISA_USAGE = YES_ERROR;
				CLANG_WARN_DOCUMENTATION_COMMENTS = YES;
				CLANG_WARN_EMPTY_BODY = YES;
				CLANG_WARN_ENUM_CONVERSION = YES;
				CLANG_WARN_INFINITE_RECURSION = YES;
				CLANG_WARN_INT_CONVERSION = YES;
				CLANG_WARN_NON_LITERAL_NULL_CONVERSION = YES;
				CLANG_WARN_OBJC_IMPLICIT_RETAIN_SELF = YES;
				CLANG_WARN_OBJC_LITERAL_CONVERSION = YES;
				CLANG_WARN_OBJC_ROOT_CLASS = YES_ERROR;
				CLANG_WARN_RANGE_LOOP_ANALYSIS = YES;
				CLANG_WARN_STRICT_PROTOTYPES = YES;
				CLANG_WARN_SUSPICIOUS_MOVE = YES;
				CLANG_WARN_UNGUARDED_AVAILABILITY = YES_AGGRESSIVE;
				CLANG_WARN_UNREACHABLE_CODE = YES;
				CLANG_WARN__DUPLICATE_METHOD_MATCH = YES;
				CODE_SIGN_IDENTITY = "iPhone Developer";
				COPY_PHASE_STRIP = NO;
				DEBUG_INFORMATION_FORMAT = dwarf;
				ENABLE_STRICT_OBJC_MSGSEND = YES;
				ENABLE_TESTABILITY = YES;
				GCC_C_LANGUAGE_STANDARD = gnu11;
				GCC_DYNAMIC_NO_PIC = NO;
				GCC_NO_COMMON_BLOCKS = YES;
				GCC_OPTIMIZATION_LEVEL = 0;
				GCC_PREPROCESSOR_DEFINITIONS = (
					"DEBUG=1",
					"$(inherited)",
				);
				GCC_WARN_64_TO_32_BIT_CONVERSION = YES;
				GCC_WARN_ABOUT_RETURN_TYPE = YES_ERROR;
				GCC_WARN_UNDECLARED_SELECTOR = YES;
				GCC_WARN_UNINITIALIZED_AUTOS = YES_AGGRESSIVE;
				GCC_WARN_UNUSED_FUNCTION = YES;
				GCC_WARN_UNUSED_VARIABLE = YES;
				IPHONEOS_DEPLOYMENT_TARGET = 12.1;
				MTL_ENABLE_DEBUG_INFO = INCLUDE_SOURCE;
				MTL_FAST_MATH = YES;
				ONLY_ACTIVE_ARCH = YES;
				SDKROOT = iphoneos;
				SWIFT_ACTIVE_COMPILATION_CONDITIONS = DEBUG;
				SWIFT_OPTIMIZATION_LEVEL = "-Onone";
			};
			name = Debug;
		};
		9C7368E62221A59800CBEAF4 /* Release */ = {
			isa = XCBuildConfiguration;
			buildSettings = {
				ALWAYS_SEARCH_USER_PATHS = NO;
				CLANG_ANALYZER_NONNULL = YES;
				CLANG_ANALYZER_NUMBER_OBJECT_CONVERSION = YES_AGGRESSIVE;
				CLANG_CXX_LANGUAGE_STANDARD = "gnu++14";
				CLANG_CXX_LIBRARY = "libc++";
				CLANG_ENABLE_MODULES = YES;
				CLANG_ENABLE_OBJC_ARC = YES;
				CLANG_ENABLE_OBJC_WEAK = YES;
				CLANG_WARN_BLOCK_CAPTURE_AUTORELEASING = YES;
				CLANG_WARN_BOOL_CONVERSION = YES;
				CLANG_WARN_COMMA = YES;
				CLANG_WARN_CONSTANT_CONVERSION = YES;
				CLANG_WARN_DEPRECATED_OBJC_IMPLEMENTATIONS = YES;
				CLANG_WARN_DIRECT_OBJC_ISA_USAGE = YES_ERROR;
				CLANG_WARN_DOCUMENTATION_COMMENTS = YES;
				CLANG_WARN_EMPTY_BODY = YES;
				CLANG_WARN_ENUM_CONVERSION = YES;
				CLANG_WARN_INFINITE_RECURSION = YES;
				CLANG_WARN_INT_CONVERSION = YES;
				CLANG_WARN_NON_LITERAL_NULL_CONVERSION = YES;
				CLANG_WARN_OBJC_IMPLICIT_RETAIN_SELF = YES;
				CLANG_WARN_OBJC_LITERAL_CONVERSION = YES;
				CLANG_WARN_OBJC_ROOT_CLASS = YES_ERROR;
				CLANG_WARN_RANGE_LOOP_ANALYSIS = YES;
				CLANG_WARN_STRICT_PROTOTYPES = YES;
				CLANG_WARN_SUSPICIOUS_MOVE = YES;
				CLANG_WARN_UNGUARDED_AVAILABILITY = YES_AGGRESSIVE;
				CLANG_WARN_UNREACHABLE_CODE = YES;
				CLANG_WARN__DUPLICATE_METHOD_MATCH = YES;
				CODE_SIGN_IDENTITY = "iPhone Developer";
				COPY_PHASE_STRIP = NO;
				DEBUG_INFORMATION_FORMAT = "dwarf-with-dsym";
				ENABLE_NS_ASSERTIONS = NO;
				ENABLE_STRICT_OBJC_MSGSEND = YES;
				GCC_C_LANGUAGE_STANDARD = gnu11;
				GCC_NO_COMMON_BLOCKS = YES;
				GCC_WARN_64_TO_32_BIT_CONVERSION = YES;
				GCC_WARN_ABOUT_RETURN_TYPE = YES_ERROR;
				GCC_WARN_UNDECLARED_SELECTOR = YES;
				GCC_WARN_UNINITIALIZED_AUTOS = YES_AGGRESSIVE;
				GCC_WARN_UNUSED_FUNCTION = YES;
				GCC_WARN_UNUSED_VARIABLE = YES;
				IPHONEOS_DEPLOYMENT_TARGET = 12.1;
				MTL_ENABLE_DEBUG_INFO = NO;
				MTL_FAST_MATH = YES;
				SDKROOT = iphoneos;
				SWIFT_COMPILATION_MODE = wholemodule;
				SWIFT_OPTIMIZATION_LEVEL = "-O";
				VALIDATE_PRODUCT = YES;
			};
			name = Release;
		};
		9C7368E82221A59800CBEAF4 /* Debug */ = {
			isa = XCBuildConfiguration;
			buildSettings = {
				ASSETCATALOG_COMPILER_APPICON_NAME = AppIcon;
				CODE_SIGN_STYLE = Automatic;
				DEVELOPMENT_TEAM = U3QZXY69QQ;
				INFOPLIST_FILE = CDDSlideTabBarDemo/Info.plist;
				LD_RUNPATH_SEARCH_PATHS = (
					"$(inherited)",
					"@executable_path/Frameworks",
				);
				PRODUCT_BUNDLE_IDENTIFIER = CDD.CDDSlideTabBarDemo;
				PRODUCT_NAME = "$(TARGET_NAME)";
				SWIFT_VERSION = 4.2;
				TARGETED_DEVICE_FAMILY = 1;
			};
			name = Debug;
		};
		9C7368E92221A59800CBEAF4 /* Release */ = {
			isa = XCBuildConfiguration;
			buildSettings = {
				ASSETCATALOG_COMPILER_APPICON_NAME = AppIcon;
				CODE_SIGN_STYLE = Automatic;
				DEVELOPMENT_TEAM = U3QZXY69QQ;
				INFOPLIST_FILE = CDDSlideTabBarDemo/Info.plist;
				LD_RUNPATH_SEARCH_PATHS = (
					"$(inherited)",
					"@executable_path/Frameworks",
				);
				PRODUCT_BUNDLE_IDENTIFIER = CDD.CDDSlideTabBarDemo;
				PRODUCT_NAME = "$(TARGET_NAME)";
				SWIFT_VERSION = 4.2;
				TARGETED_DEVICE_FAMILY = 1;
			};
			name = Release;
		};
/* End XCBuildConfiguration section */

/* Begin XCConfigurationList section */
		9C7368D02221A59700CBEAF4 /* Build configuration list for PBXProject "CDDSlideTabBarDemo" */ = {
			isa = XCConfigurationList;
			buildConfigurations = (
				9C7368E52221A59800CBEAF4 /* Debug */,
				9C7368E62221A59800CBEAF4 /* Release */,
			);
			defaultConfigurationIsVisible = 0;
			defaultConfigurationName = Release;
		};
		9C7368E72221A59800CBEAF4 /* Build configuration list for PBXNativeTarget "CDDSlideTabBarDemo" */ = {
			isa = XCConfigurationList;
			buildConfigurations = (
				9C7368E82221A59800CBEAF4 /* Debug */,
				9C7368E92221A59800CBEAF4 /* Release */,
			);
			defaultConfigurationIsVisible = 0;
			defaultConfigurationName = Release;
		};
/* End XCConfigurationList section */
	};
	rootObject = 9C7368CD2221A59700CBEAF4 /* Project object */;
}
